
Microsoft Visual Studio Solution File, Format Version 12.00
# Visual Studio Version 17
VisualStudioVersion = 17.5.33502.453
MinimumVisualStudioVersion = 10.0.40219.1
Project("{C9674DCB-5085-4A16-B785-4C70DD1589BD}") = "UploadDataToAzureBlob", "UploadDataToAzureBlob.dtproj", "{7B5CF563-6C51-4AF0-93E6-D68E7659FB6C}"
EndProject
Global
	GlobalSection(SolutionConfigurationPlatforms) = preSolution
		Development|Default = Development|Default
	EndGlobalSection
	GlobalSection(ProjectConfigurationPlatforms) = postSolution
		{7B5CF563-6C51-4AF0-93E6-D68E7659FB6C}.Development|Default.ActiveCfg = Development
		{7B5CF563-6C51-4AF0-93E6-D68E7659FB6C}.Development|Default.Build.0 = Development
	EndGlobalSection
	GlobalSection(SolutionProperties) = preSolution
		HideSolutionNode = FALSE
	EndGlobalSection
	GlobalSection(ExtensibilityGlobals) = postSolution
		SolutionGuid = {A36FACF7-5DA8-40C9-9BD8-54A5F7135760}
	EndGlobalSection
EndGlobal
